
Microsoft Visual Studio Solution File, Format Version 12.00
# Visual Studio Version 17
VisualStudioVersion = 17.9.34616.47
MinimumVisualStudioVersion = 10.0.40219.1
Project("{FAE04EC0-301F-11D3-BF4B-00C04F79EFBC}") = "program do liczenia liczby cyfr w przykladowej liczbie", "program do liczenia liczby cyfr w przykladowej liczbie.csproj", "{61257571-1444-455F-92C1-3F2419F30CE6}"
EndProject
Global
	GlobalSection(SolutionConfigurationPlatforms) = preSolution
		Debug|Any CPU = Debug|Any CPU
		Release|Any CPU = Release|Any CPU
	EndGlobalSection
	GlobalSection(ProjectConfigurationPlatforms) = postSolution
		{61257571-1444-455F-92C1-3F2419F30CE6}.Debug|Any CPU.ActiveCfg = Debug|Any CPU
		{61257571-1444-455F-92C1-3F2419F30CE6}.Debug|Any CPU.Build.0 = Debug|Any CPU
		{61257571-1444-455F-92C1-3F2419F30CE6}.Release|Any CPU.ActiveCfg = Release|Any CPU
		{61257571-1444-455F-92C1-3F2419F30CE6}.Release|Any CPU.Build.0 = Release|Any CPU
	EndGlobalSection
	GlobalSection(SolutionProperties) = preSolution
		HideSolutionNode = FALSE
	EndGlobalSection
	GlobalSection(ExtensibilityGlobals) = postSolution
		SolutionGuid = {680ED63A-4A39-4730-BFAA-09E5A8D1A714}
	EndGlobalSection
EndGlobal
